
Microsoft Visual Studio Solution File, Format Version 12.00
# Visual Studio Version 17
VisualStudioVersion = 17.14.36414.22
MinimumVisualStudioVersion = 10.0.40219.1
Project("{2150E333-8FDC-42A3-9474-1A3956D46DE8}") = "src", "src", "{02EA681E-C7D8-13C7-8484-4AC65E1B71E8}"
EndProject
Project("{2150E333-8FDC-42A3-9474-1A3956D46DE8}") = "test", "test", "{AC143F4E-BC4A-4CC0-B6A2-C3B110C1AAB2}"
EndProject
Project("{FAE04EC0-301F-11D3-BF4B-00C04F79EFBC}") = "MediaRatingPlatform_DataAccessLayer", "MediaRatingPlatform_DataAccessLayer\MediaRatingPlatform_DataAccessLayer.csproj", "{90B108C0-6C79-44B5-8E0E-6EA6A4FA5968}"
EndProject
Project("{FAE04EC0-301F-11D3-BF4B-00C04F79EFBC}") = "MediaRatingPlatform_Domain", "MediaRatingPlatform_Domain\MediaRatingPlatform_Domain.csproj", "{E377EABD-C583-4819-9232-B84B30D48C55}"
EndProject
Project("{FAE04EC0-301F-11D3-BF4B-00C04F79EFBC}") = "MediaRatingPlatform_BusinessLogicLayer", "MediaRatingPlatform_BusinesslogicLayer\MediaRatingPlatform_BusinessLogicLayer.csproj", "{1EFB3169-E80B-1DDB-45F7-0A2376CF2B68}"
EndProject
Project("{FAE04EC0-301F-11D3-BF4B-00C04F79EFBC}") = "MediaRatingPlatform_Server", "MediaRatingPlatform_Server\MediaRatingPlatform_Server.csproj", "{6DC46343-5EDF-0AAC-68CB-C850587C74E1}"
EndProject
Global
	GlobalSection(SolutionConfigurationPlatforms) = preSolution
		Debug|Any CPU = Debug|Any CPU
		Release|Any CPU = Release|Any CPU
	EndGlobalSection
	GlobalSection(ProjectConfigurationPlatforms) = postSolution
		{90B108C0-6C79-44B5-8E0E-6EA6A4FA5968}.Debug|Any CPU.ActiveCfg = Debug|Any CPU
		{90B108C0-6C79-44B5-8E0E-6EA6A4FA5968}.Debug|Any CPU.Build.0 = Debug|Any CPU
		{90B108C0-6C79-44B5-8E0E-6EA6A4FA5968}.Release|Any CPU.ActiveCfg = Release|Any CPU
		{90B108C0-6C79-44B5-8E0E-6EA6A4FA5968}.Release|Any CPU.Build.0 = Release|Any CPU
		{E377EABD-C583-4819-9232-B84B30D48C55}.Debug|Any CPU.ActiveCfg = Debug|Any CPU
		{E377EABD-C583-4819-9232-B84B30D48C55}.Debug|Any CPU.Build.0 = Debug|Any CPU
		{E377EABD-C583-4819-9232-B84B30D48C55}.Release|Any CPU.ActiveCfg = Release|Any CPU
		{E377EABD-C583-4819-9232-B84B30D48C55}.Release|Any CPU.Build.0 = Release|Any CPU
		{1EFB3169-E80B-1DDB-45F7-0A2376CF2B68}.Debug|Any CPU.ActiveCfg = Debug|Any CPU
		{1EFB3169-E80B-1DDB-45F7-0A2376CF2B68}.Debug|Any CPU.Build.0 = Debug|Any CPU
		{1EFB3169-E80B-1DDB-45F7-0A2376CF2B68}.Release|Any CPU.ActiveCfg = Release|Any CPU
		{1EFB3169-E80B-1DDB-45F7-0A2376CF2B68}.Release|Any CPU.Build.0 = Release|Any CPU
		{6DC46343-5EDF-0AAC-68CB-C850587C74E1}.Debug|Any CPU.ActiveCfg = Debug|Any CPU
		{6DC46343-5EDF-0AAC-68CB-C850587C74E1}.Debug|Any CPU.Build.0 = Debug|Any CPU
		{6DC46343-5EDF-0AAC-68CB-C850587C74E1}.Release|Any CPU.ActiveCfg = Release|Any CPU
		{6DC46343-5EDF-0AAC-68CB-C850587C74E1}.Release|Any CPU.Build.0 = Release|Any CPU
	EndGlobalSection
	GlobalSection(SolutionProperties) = preSolution
		HideSolutionNode = FALSE
	EndGlobalSection
	GlobalSection(NestedProjects) = preSolution
		{90B108C0-6C79-44B5-8E0E-6EA6A4FA5968} = {02EA681E-C7D8-13C7-8484-4AC65E1B71E8}
		{E377EABD-C583-4819-9232-B84B30D48C55} = {02EA681E-C7D8-13C7-8484-4AC65E1B71E8}
		{1EFB3169-E80B-1DDB-45F7-0A2376CF2B68} = {02EA681E-C7D8-13C7-8484-4AC65E1B71E8}
		{6DC46343-5EDF-0AAC-68CB-C850587C74E1} = {02EA681E-C7D8-13C7-8484-4AC65E1B71E8}
	EndGlobalSection
	GlobalSection(ExtensibilityGlobals) = postSolution
		SolutionGuid = {EFDB3AFF-0603-4D1F-9B71-805920A47A38}
	EndGlobalSection
EndGlobal
